
Microsoft Visual Studio Solution File, Format Version 12.00
# Visual Studio Version 17
VisualStudioVersion = 17.4.33103.184
MinimumVisualStudioVersion = 10.0.40219.1
Project("{FAE04EC0-301F-11D3-BF4B-00C04F79EFBC}") = "WinFormsDemo", "WinFormsDemo\WinFormsDemo.csproj", "{D9A7C5B9-9DCD-4E08-BC21-494141544093}"
EndProject
Global
	GlobalSection(SolutionConfigurationPlatforms) = preSolution
		Debug|Any CPU = Debug|Any CPU
		Release|Any CPU = Release|Any CPU
	EndGlobalSection
	GlobalSection(ProjectConfigurationPlatforms) = postSolution
		{D9A7C5B9-9DCD-4E08-BC21-494141544093}.Debug|Any CPU.ActiveCfg = Debug|Any CPU
		{D9A7C5B9-9DCD-4E08-BC21-494141544093}.Debug|Any CPU.Build.0 = Debug|Any CPU
		{D9A7C5B9-9DCD-4E08-BC21-494141544093}.Release|Any CPU.ActiveCfg = Release|Any CPU
		{D9A7C5B9-9DCD-4E08-BC21-494141544093}.Release|Any CPU.Build.0 = Release|Any CPU
	EndGlobalSection
	GlobalSection(SolutionProperties) = preSolution
		HideSolutionNode = FALSE
	EndGlobalSection
	GlobalSection(ExtensibilityGlobals) = postSolution
		SolutionGuid = {FF139BB2-00E9-488A-A659-9703D6DA7AEC}
	EndGlobalSection
EndGlobal
